
Microsoft Visual Studio Solution File, Format Version 12.00
# Visual Studio 2013
VisualStudioVersion = 12.0.31101.0
MinimumVisualStudioVersion = 10.0.40219.1
Project("{2150E333-8FDC-42A3-9474-1A3956D46DE8}") = "src", "src", "{037440DE-440B-4129-9F7A-09B42D00397E}"
EndProject
Project("{2150E333-8FDC-42A3-9474-1A3956D46DE8}") = "test", "test", "{0D135C0C-A60B-454A-A2F4-CD74A30E04B0}"
EndProject
Project("{2150E333-8FDC-42A3-9474-1A3956D46DE8}") = "assets", "assets", "{E9D1B5E1-DEB9-4A04-8BAB-24EC7240ADAF}"
	ProjectSection(SolutionItems) = preProject
		.editorconfig = .editorconfig
		Build.ps1 = Build.ps1
		assets\CommonAssemblyInfo.cs = assets\CommonAssemblyInfo.cs
		README.md = README.md
		assets\Serilog.snk = assets\Serilog.snk
	EndProjectSection
EndProject
Project("{FAE04EC0-301F-11D3-BF4B-00C04F79EFBC}") = "Serilog", "src\Serilog\Serilog.csproj", "{0915DBD9-0F7C-4439-8D9E-74C3D579B219}"
EndProject
Project("{FAE04EC0-301F-11D3-BF4B-00C04F79EFBC}") = "Serilog.Tests", "test\Serilog.Tests\Serilog.Tests.csproj", "{D5648551-D19D-41E3-9FC1-E74B111EEF41}"
EndProject
Project("{FAE04EC0-301F-11D3-BF4B-00C04F79EFBC}") = "Serilog.FullNetFx", "src\Serilog.FullNetFx\Serilog.FullNetFx.csproj", "{7A9E1095-167D-402A-B43D-B36B97FF183D}"
EndProject
Project("{FAE04EC0-301F-11D3-BF4B-00C04F79EFBC}") = "Serilog.PerformanceTests", "test\Serilog.PerformanceTests\Serilog.PerformanceTests.csproj", "{6A6504BF-CD5B-4C9E-88EB-5BD71CE3106A}"
EndProject
Project("{FAE04EC0-301F-11D3-BF4B-00C04F79EFBC}") = "Serilog.Extras.Web", "src\Serilog.Extras.Web\Serilog.Extras.Web.csproj", "{13CEC8DD-6087-4FEE-AEC1-0511B8959CCD}"
EndProject
Project("{FAE04EC0-301F-11D3-BF4B-00C04F79EFBC}") = "Serilog.Extras.AppSettings", "src\Serilog.Extras.AppSettings\Serilog.Extras.AppSettings.csproj", "{21CAF132-BBAB-41FD-A018-EB9AE54822ED}"
EndProject
Project("{FAE04EC0-301F-11D3-BF4B-00C04F79EFBC}") = "Serilog.Extras.MSOwin", "src\Serilog.Extras.MSOwin\Serilog.Extras.MSOwin.csproj", "{FDCEBC10-F403-4DDD-8594-DE6D7DD543AF}"
EndProject
Project("{FAE04EC0-301F-11D3-BF4B-00C04F79EFBC}") = "Serilog.Extras.MSOwin.Tests", "test\Serilog.Extras.MSOwin.Tests\Serilog.Extras.MSOwin.Tests.csproj", "{4F81EDAE-2E06-4024-925A-E495C852BDCF}"
EndProject
Project("{FAE04EC0-301F-11D3-BF4B-00C04F79EFBC}") = "Serilog.SmokeTest", "test\Serilog.SmokeTest\Serilog.SmokeTest.csproj", "{58563C46-B781-4799-ABD5-9745F94478FD}"
EndProject
Project("{FAE04EC0-301F-11D3-BF4B-00C04F79EFBC}") = "Serilog.Extras.AppSettings.Tests", "test\Serilog.Extras.AppSettings.Tests\Serilog.Extras.AppSettings.Tests.csproj", "{67398D2A-0829-4373-ABC5-2161FEB28A05}"
EndProject
Project("{FAE04EC0-301F-11D3-BF4B-00C04F79EFBC}") = "Serilog.Extras.Attributed", "src\Serilog.Extras.Attributed\Serilog.Extras.Attributed.csproj", "{A79F906E-0298-49DC-93EC-CE4F1F5D13E2}"
EndProject
Project("{FAE04EC0-301F-11D3-BF4B-00C04F79EFBC}") = "Serilog.Extras.Attributed.Tests", "test\Serilog.Extras.Attributed.Tests\Serilog.Extras.Attributed.Tests.csproj", "{182ECDA3-A97D-4BB6-BC6F-60A137478B92}"
EndProject
Project("{FAE04EC0-301F-11D3-BF4B-00C04F79EFBC}") = "Serilog.Extras.DestructureByIgnoring", "src\Serilog.Extras.DestructureByIgnoring\Serilog.Extras.DestructureByIgnoring.csproj", "{C5CC62F4-310F-495C-96EA-B8E5D26F8D57}"
EndProject
Project("{FAE04EC0-301F-11D3-BF4B-00C04F79EFBC}") = "Serilog.Extras.DestructureByIgnoring.Tests", "test\Serilog.Extras.DestructureByIgnoring.Tests\Serilog.Extras.DestructureByIgnoring.Tests.csproj", "{977E42C3-D501-4730-98FF-525B753B1E3A}"
EndProject
Project("{F2A71F9B-5D33-465A-A702-920D77279786}") = "Serilog.Extras.FSharp", "src\Serilog.Extras.FSharp\Serilog.Extras.FSharp.fsproj", "{088A4030-7C7A-4434-964A-8E9E42DB17F0}"
EndProject
Project("{FAE04EC0-301F-11D3-BF4B-00C04F79EFBC}") = "Serilog.MsTests", "test\Serilog.MsTests\Serilog.MsTests.csproj", "{7FC9FC46-5014-4461-A448-815E6CCE21E5}"
EndProject
Global
	GlobalSection(SolutionConfigurationPlatforms) = preSolution
		Debug|Any CPU = Debug|Any CPU
		Release|Any CPU = Release|Any CPU
	EndGlobalSection
	GlobalSection(ProjectConfigurationPlatforms) = postSolution
		{0915DBD9-0F7C-4439-8D9E-74C3D579B219}.Debug|Any CPU.ActiveCfg = Debug|Any CPU
		{0915DBD9-0F7C-4439-8D9E-74C3D579B219}.Debug|Any CPU.Build.0 = Debug|Any CPU
		{0915DBD9-0F7C-4439-8D9E-74C3D579B219}.Release|Any CPU.ActiveCfg = Release|Any CPU
		{0915DBD9-0F7C-4439-8D9E-74C3D579B219}.Release|Any CPU.Build.0 = Release|Any CPU
		{D5648551-D19D-41E3-9FC1-E74B111EEF41}.Debug|Any CPU.ActiveCfg = Debug|Any CPU
		{D5648551-D19D-41E3-9FC1-E74B111EEF41}.Debug|Any CPU.Build.0 = Debug|Any CPU
		{D5648551-D19D-41E3-9FC1-E74B111EEF41}.Release|Any CPU.ActiveCfg = Release|Any CPU
		{D5648551-D19D-41E3-9FC1-E74B111EEF41}.Release|Any CPU.Build.0 = Release|Any CPU
		{7A9E1095-167D-402A-B43D-B36B97FF183D}.Debug|Any CPU.ActiveCfg = Debug|Any CPU
		{7A9E1095-167D-402A-B43D-B36B97FF183D}.Debug|Any CPU.Build.0 = Debug|Any CPU
		{7A9E1095-167D-402A-B43D-B36B97FF183D}.Release|Any CPU.ActiveCfg = Release|Any CPU
		{7A9E1095-167D-402A-B43D-B36B97FF183D}.Release|Any CPU.Build.0 = Release|Any CPU
		{6A6504BF-CD5B-4C9E-88EB-5BD71CE3106A}.Debug|Any CPU.ActiveCfg = Debug|Any CPU
		{6A6504BF-CD5B-4C9E-88EB-5BD71CE3106A}.Debug|Any CPU.Build.0 = Debug|Any CPU
		{6A6504BF-CD5B-4C9E-88EB-5BD71CE3106A}.Release|Any CPU.ActiveCfg = Release|Any CPU
		{6A6504BF-CD5B-4C9E-88EB-5BD71CE3106A}.Release|Any CPU.Build.0 = Release|Any CPU
		{13CEC8DD-6087-4FEE-AEC1-0511B8959CCD}.Debug|Any CPU.ActiveCfg = Debug|Any CPU
		{13CEC8DD-6087-4FEE-AEC1-0511B8959CCD}.Debug|Any CPU.Build.0 = Debug|Any CPU
		{13CEC8DD-6087-4FEE-AEC1-0511B8959CCD}.Release|Any CPU.ActiveCfg = Release|Any CPU
		{13CEC8DD-6087-4FEE-AEC1-0511B8959CCD}.Release|Any CPU.Build.0 = Release|Any CPU
		{21CAF132-BBAB-41FD-A018-EB9AE54822ED}.Debug|Any CPU.ActiveCfg = Debug|Any CPU
		{21CAF132-BBAB-41FD-A018-EB9AE54822ED}.Debug|Any CPU.Build.0 = Debug|Any CPU
		{21CAF132-BBAB-41FD-A018-EB9AE54822ED}.Release|Any CPU.ActiveCfg = Release|Any CPU
		{21CAF132-BBAB-41FD-A018-EB9AE54822ED}.Release|Any CPU.Build.0 = Release|Any CPU
		{FDCEBC10-F403-4DDD-8594-DE6D7DD543AF}.Debug|Any CPU.ActiveCfg = Debug|Any CPU
		{FDCEBC10-F403-4DDD-8594-DE6D7DD543AF}.Debug|Any CPU.Build.0 = Debug|Any CPU
		{FDCEBC10-F403-4DDD-8594-DE6D7DD543AF}.Release|Any CPU.ActiveCfg = Release|Any CPU
		{FDCEBC10-F403-4DDD-8594-DE6D7DD543AF}.Release|Any CPU.Build.0 = Release|Any CPU
		{4F81EDAE-2E06-4024-925A-E495C852BDCF}.Debug|Any CPU.ActiveCfg = Debug|Any CPU
		{4F81EDAE-2E06-4024-925A-E495C852BDCF}.Debug|Any CPU.Build.0 = Debug|Any CPU
		{4F81EDAE-2E06-4024-925A-E495C852BDCF}.Release|Any CPU.ActiveCfg = Release|Any CPU
		{4F81EDAE-2E06-4024-925A-E495C852BDCF}.Release|Any CPU.Build.0 = Release|Any CPU
		{58563C46-B781-4799-ABD5-9745F94478FD}.Debug|Any CPU.ActiveCfg = Debug|Any CPU
		{58563C46-B781-4799-ABD5-9745F94478FD}.Debug|Any CPU.Build.0 = Debug|Any CPU
		{58563C46-B781-4799-ABD5-9745F94478FD}.Release|Any CPU.ActiveCfg = Release|Any CPU
		{58563C46-B781-4799-ABD5-9745F94478FD}.Release|Any CPU.Build.0 = Release|Any CPU
		{67398D2A-0829-4373-ABC5-2161FEB28A05}.Debug|Any CPU.ActiveCfg = Debug|Any CPU
		{67398D2A-0829-4373-ABC5-2161FEB28A05}.Debug|Any CPU.Build.0 = Debug|Any CPU
		{67398D2A-0829-4373-ABC5-2161FEB28A05}.Release|Any CPU.ActiveCfg = Release|Any CPU
		{67398D2A-0829-4373-ABC5-2161FEB28A05}.Release|Any CPU.Build.0 = Release|Any CPU
		{A79F906E-0298-49DC-93EC-CE4F1F5D13E2}.Debug|Any CPU.ActiveCfg = Debug|Any CPU
		{A79F906E-0298-49DC-93EC-CE4F1F5D13E2}.Debug|Any CPU.Build.0 = Debug|Any CPU
		{A79F906E-0298-49DC-93EC-CE4F1F5D13E2}.Release|Any CPU.ActiveCfg = Release|Any CPU
		{A79F906E-0298-49DC-93EC-CE4F1F5D13E2}.Release|Any CPU.Build.0 = Release|Any CPU
		{182ECDA3-A97D-4BB6-BC6F-60A137478B92}.Debug|Any CPU.ActiveCfg = Debug|Any CPU
		{182ECDA3-A97D-4BB6-BC6F-60A137478B92}.Debug|Any CPU.Build.0 = Debug|Any CPU
		{182ECDA3-A97D-4BB6-BC6F-60A137478B92}.Release|Any CPU.ActiveCfg = Release|Any CPU
		{182ECDA3-A97D-4BB6-BC6F-60A137478B92}.Release|Any CPU.Build.0 = Release|Any CPU
		{C5CC62F4-310F-495C-96EA-B8E5D26F8D57}.Debug|Any CPU.ActiveCfg = Debug|Any CPU
		{C5CC62F4-310F-495C-96EA-B8E5D26F8D57}.Debug|Any CPU.Build.0 = Debug|Any CPU
		{C5CC62F4-310F-495C-96EA-B8E5D26F8D57}.Release|Any CPU.ActiveCfg = Release|Any CPU
		{C5CC62F4-310F-495C-96EA-B8E5D26F8D57}.Release|Any CPU.Build.0 = Release|Any CPU
		{977E42C3-D501-4730-98FF-525B753B1E3A}.Debug|Any CPU.ActiveCfg = Debug|Any CPU
		{977E42C3-D501-4730-98FF-525B753B1E3A}.Debug|Any CPU.Build.0 = Debug|Any CPU
		{977E42C3-D501-4730-98FF-525B753B1E3A}.Release|Any CPU.ActiveCfg = Release|Any CPU
		{977E42C3-D501-4730-98FF-525B753B1E3A}.Release|Any CPU.Build.0 = Release|Any CPU
		{088A4030-7C7A-4434-964A-8E9E42DB17F0}.Debug|Any CPU.ActiveCfg = Debug|Any CPU
		{088A4030-7C7A-4434-964A-8E9E42DB17F0}.Debug|Any CPU.Build.0 = Debug|Any CPU
		{088A4030-7C7A-4434-964A-8E9E42DB17F0}.Release|Any CPU.ActiveCfg = Release|Any CPU
		{088A4030-7C7A-4434-964A-8E9E42DB17F0}.Release|Any CPU.Build.0 = Release|Any CPU
		{7FC9FC46-5014-4461-A448-815E6CCE21E5}.Debug|Any CPU.ActiveCfg = Debug|Any CPU
		{7FC9FC46-5014-4461-A448-815E6CCE21E5}.Debug|Any CPU.Build.0 = Debug|Any CPU
		{7FC9FC46-5014-4461-A448-815E6CCE21E5}.Release|Any CPU.ActiveCfg = Release|Any CPU
		{7FC9FC46-5014-4461-A448-815E6CCE21E5}.Release|Any CPU.Build.0 = Release|Any CPU
	EndGlobalSection
	GlobalSection(SolutionProperties) = preSolution
		HideSolutionNode = FALSE
	EndGlobalSection
	GlobalSection(NestedProjects) = preSolution
		{0915DBD9-0F7C-4439-8D9E-74C3D579B219} = {037440DE-440B-4129-9F7A-09B42D00397E}
		{D5648551-D19D-41E3-9FC1-E74B111EEF41} = {0D135C0C-A60B-454A-A2F4-CD74A30E04B0}
		{7A9E1095-167D-402A-B43D-B36B97FF183D} = {037440DE-440B-4129-9F7A-09B42D00397E}
		{6A6504BF-CD5B-4C9E-88EB-5BD71CE3106A} = {0D135C0C-A60B-454A-A2F4-CD74A30E04B0}
		{13CEC8DD-6087-4FEE-AEC1-0511B8959CCD} = {037440DE-440B-4129-9F7A-09B42D00397E}
		{21CAF132-BBAB-41FD-A018-EB9AE54822ED} = {037440DE-440B-4129-9F7A-09B42D00397E}
		{FDCEBC10-F403-4DDD-8594-DE6D7DD543AF} = {037440DE-440B-4129-9F7A-09B42D00397E}
		{4F81EDAE-2E06-4024-925A-E495C852BDCF} = {0D135C0C-A60B-454A-A2F4-CD74A30E04B0}
		{58563C46-B781-4799-ABD5-9745F94478FD} = {0D135C0C-A60B-454A-A2F4-CD74A30E04B0}
		{67398D2A-0829-4373-ABC5-2161FEB28A05} = {0D135C0C-A60B-454A-A2F4-CD74A30E04B0}
		{A79F906E-0298-49DC-93EC-CE4F1F5D13E2} = {037440DE-440B-4129-9F7A-09B42D00397E}
		{182ECDA3-A97D-4BB6-BC6F-60A137478B92} = {0D135C0C-A60B-454A-A2F4-CD74A30E04B0}
		{C5CC62F4-310F-495C-96EA-B8E5D26F8D57} = {037440DE-440B-4129-9F7A-09B42D00397E}
		{977E42C3-D501-4730-98FF-525B753B1E3A} = {0D135C0C-A60B-454A-A2F4-CD74A30E04B0}
		{088A4030-7C7A-4434-964A-8E9E42DB17F0} = {037440DE-440B-4129-9F7A-09B42D00397E}
		{7FC9FC46-5014-4461-A448-815E6CCE21E5} = {0D135C0C-A60B-454A-A2F4-CD74A30E04B0}
	EndGlobalSection
EndGlobal
