
Microsoft Visual Studio Solution File, Format Version 12.00
# Visual Studio 14
VisualStudioVersion = 14.0.22823.1
MinimumVisualStudioVersion = 10.0.40219.1
Project("{2150E333-8FDC-42A3-9474-1A3956D46DE8}") = "src", "src", "{037440DE-440B-4129-9F7A-09B42D00397E}"
EndProject
Project("{2150E333-8FDC-42A3-9474-1A3956D46DE8}") = "test", "test", "{0D135C0C-A60B-454A-A2F4-CD74A30E04B0}"
EndProject
Project("{2150E333-8FDC-42A3-9474-1A3956D46DE8}") = "assets", "assets", "{E9D1B5E1-DEB9-4A04-8BAB-24EC7240ADAF}"
	ProjectSection(SolutionItems) = preProject
		.editorconfig = .editorconfig
		Build.ps1 = Build.ps1
		assets\CommonAssemblyInfo.cs = assets\CommonAssemblyInfo.cs
		default.ps1 = default.ps1
		README.md = README.md
		assets\Serilog.snk = assets\Serilog.snk
		version.json = version.json
	EndProjectSection
EndProject
Project("{FAE04EC0-301F-11D3-BF4B-00C04F79EFBC}") = "Serilog", "src\Serilog\Serilog.csproj", "{0915DBD9-0F7C-4439-8D9E-74C3D579B219}"
EndProject
Project("{FAE04EC0-301F-11D3-BF4B-00C04F79EFBC}") = "Serilog.Tests", "test\Serilog.Tests\Serilog.Tests.csproj", "{D5648551-D19D-41E3-9FC1-E74B111EEF41}"
EndProject
Project("{FAE04EC0-301F-11D3-BF4B-00C04F79EFBC}") = "Serilog.FullNetFx", "src\Serilog.FullNetFx\Serilog.FullNetFx.csproj", "{7A9E1095-167D-402A-B43D-B36B97FF183D}"
EndProject
Project("{FAE04EC0-301F-11D3-BF4B-00C04F79EFBC}") = "Serilog.PerformanceTests", "test\Serilog.PerformanceTests\Serilog.PerformanceTests.csproj", "{6A6504BF-CD5B-4C9E-88EB-5BD71CE3106A}"
EndProject
Project("{FAE04EC0-301F-11D3-BF4B-00C04F79EFBC}") = "Serilog.SmokeTest", "test\Serilog.SmokeTest\Serilog.SmokeTest.csproj", "{58563C46-B781-4799-ABD5-9745F94478FD}"
EndProject
Project("{FAE04EC0-301F-11D3-BF4B-00C04F79EFBC}") = "Serilog.MsTests", "test\Serilog.MsTests\Serilog.MsTests.csproj", "{7FC9FC46-5014-4461-A448-815E6CCE21E5}"
EndProject
Project("{2150E333-8FDC-42A3-9474-1A3956D46DE8}") = "Solution Items", "Solution Items", "{2AF81E25-171E-4A48-8A5D-744EA1A05DC8}"
	ProjectSection(SolutionItems) = preProject
		nuspec.xsd = nuspec.xsd
	EndProjectSection
EndProject
Global
	GlobalSection(SolutionConfigurationPlatforms) = preSolution
		Debug|Any CPU = Debug|Any CPU
		Release|Any CPU = Release|Any CPU
	EndGlobalSection
	GlobalSection(ProjectConfigurationPlatforms) = postSolution
		{0915DBD9-0F7C-4439-8D9E-74C3D579B219}.Debug|Any CPU.ActiveCfg = Debug|Any CPU
		{0915DBD9-0F7C-4439-8D9E-74C3D579B219}.Debug|Any CPU.Build.0 = Debug|Any CPU
		{0915DBD9-0F7C-4439-8D9E-74C3D579B219}.Release|Any CPU.ActiveCfg = Release|Any CPU
		{0915DBD9-0F7C-4439-8D9E-74C3D579B219}.Release|Any CPU.Build.0 = Release|Any CPU
		{D5648551-D19D-41E3-9FC1-E74B111EEF41}.Debug|Any CPU.ActiveCfg = Debug|Any CPU
		{D5648551-D19D-41E3-9FC1-E74B111EEF41}.Debug|Any CPU.Build.0 = Debug|Any CPU
		{D5648551-D19D-41E3-9FC1-E74B111EEF41}.Release|Any CPU.ActiveCfg = Release|Any CPU
		{D5648551-D19D-41E3-9FC1-E74B111EEF41}.Release|Any CPU.Build.0 = Release|Any CPU
		{7A9E1095-167D-402A-B43D-B36B97FF183D}.Debug|Any CPU.ActiveCfg = Debug|Any CPU
		{7A9E1095-167D-402A-B43D-B36B97FF183D}.Debug|Any CPU.Build.0 = Debug|Any CPU
		{7A9E1095-167D-402A-B43D-B36B97FF183D}.Release|Any CPU.ActiveCfg = Release|Any CPU
		{7A9E1095-167D-402A-B43D-B36B97FF183D}.Release|Any CPU.Build.0 = Release|Any CPU
		{6A6504BF-CD5B-4C9E-88EB-5BD71CE3106A}.Debug|Any CPU.ActiveCfg = Debug|Any CPU
		{6A6504BF-CD5B-4C9E-88EB-5BD71CE3106A}.Debug|Any CPU.Build.0 = Debug|Any CPU
		{6A6504BF-CD5B-4C9E-88EB-5BD71CE3106A}.Release|Any CPU.ActiveCfg = Release|Any CPU
		{6A6504BF-CD5B-4C9E-88EB-5BD71CE3106A}.Release|Any CPU.Build.0 = Release|Any CPU
		{58563C46-B781-4799-ABD5-9745F94478FD}.Debug|Any CPU.ActiveCfg = Debug|Any CPU
		{58563C46-B781-4799-ABD5-9745F94478FD}.Debug|Any CPU.Build.0 = Debug|Any CPU
		{58563C46-B781-4799-ABD5-9745F94478FD}.Release|Any CPU.ActiveCfg = Release|Any CPU
		{58563C46-B781-4799-ABD5-9745F94478FD}.Release|Any CPU.Build.0 = Release|Any CPU
		{7FC9FC46-5014-4461-A448-815E6CCE21E5}.Debug|Any CPU.ActiveCfg = Debug|Any CPU
		{7FC9FC46-5014-4461-A448-815E6CCE21E5}.Debug|Any CPU.Build.0 = Debug|Any CPU
		{7FC9FC46-5014-4461-A448-815E6CCE21E5}.Release|Any CPU.ActiveCfg = Release|Any CPU
		{7FC9FC46-5014-4461-A448-815E6CCE21E5}.Release|Any CPU.Build.0 = Release|Any CPU
	EndGlobalSection
	GlobalSection(SolutionProperties) = preSolution
		HideSolutionNode = FALSE
	EndGlobalSection
	GlobalSection(NestedProjects) = preSolution
		{0915DBD9-0F7C-4439-8D9E-74C3D579B219} = {037440DE-440B-4129-9F7A-09B42D00397E}
		{D5648551-D19D-41E3-9FC1-E74B111EEF41} = {0D135C0C-A60B-454A-A2F4-CD74A30E04B0}
		{7A9E1095-167D-402A-B43D-B36B97FF183D} = {037440DE-440B-4129-9F7A-09B42D00397E}
		{6A6504BF-CD5B-4C9E-88EB-5BD71CE3106A} = {0D135C0C-A60B-454A-A2F4-CD74A30E04B0}
		{58563C46-B781-4799-ABD5-9745F94478FD} = {0D135C0C-A60B-454A-A2F4-CD74A30E04B0}
		{7FC9FC46-5014-4461-A448-815E6CCE21E5} = {0D135C0C-A60B-454A-A2F4-CD74A30E04B0}
	EndGlobalSection
EndGlobal
