
Microsoft Visual Studio Solution File, Format Version 12.00
# Visual Studio 14
VisualStudioVersion = 14.0.24720.0
MinimumVisualStudioVersion = 10.0.40219.1
Project("{2150E333-8FDC-42A3-9474-1A3956D46DE8}") = "src", "src", "{037440DE-440B-4129-9F7A-09B42D00397E}"
EndProject
Project("{2150E333-8FDC-42A3-9474-1A3956D46DE8}") = "test", "test", "{0D135C0C-A60B-454A-A2F4-CD74A30E04B0}"
EndProject
Project("{2150E333-8FDC-42A3-9474-1A3956D46DE8}") = "assets", "assets", "{E9D1B5E1-DEB9-4A04-8BAB-24EC7240ADAF}"
	ProjectSection(SolutionItems) = preProject
		.editorconfig = .editorconfig
		Build.ps1 = Build.ps1
		global.json = global.json
		NuGet.Config = NuGet.Config
		README.md = README.md
		assets\Serilog.snk = assets\Serilog.snk
	EndProjectSection
EndProject
Project("{8BB2217D-0F2D-49D1-97BC-3654ED321F3B}") = "Serilog", "src\Serilog\Serilog.xproj", "{803CD13A-D54B-4CEC-A55F-E22AE3D93B3C}"
EndProject
Project("{8BB2217D-0F2D-49D1-97BC-3654ED321F3B}") = "Serilog.Tests", "test\Serilog.Tests\Serilog.Tests.xproj", "{3C2D8E01-5580-426A-BDD9-EC59CD98E618}"
EndProject
Project("{8BB2217D-0F2D-49D1-97BC-3654ED321F3B}") = "Serilog.Sinks.Console", "src\Serilog.Sinks.Console\Serilog.Sinks.Console.xproj", "{866A028E-27DB-49A0-AC78-E5FEF247C099}"
EndProject
Project("{2150E333-8FDC-42A3-9474-1A3956D46DE8}") = "sinks", "sinks", "{9EC69873-5A97-4C25-AB5A-31DDE589B2D9}"
EndProject
Project("{8BB2217D-0F2D-49D1-97BC-3654ED321F3B}") = "Serilog.Sinks.DiagnosticTrace", "src\Serilog.Sinks.DiagnosticTrace\Serilog.Sinks.DiagnosticTrace.xproj", "{8849C92D-2120-4C82-8226-22DF40195237}"
EndProject
Project("{8BB2217D-0F2D-49D1-97BC-3654ED321F3B}") = "Serilog.Sinks.IOFile", "src\Serilog.Sinks.IOFile\Serilog.Sinks.IOFile.xproj", "{57E0ED0E-0F45-48AB-A73D-6A92B7C32095}"
EndProject
Project("{8BB2217D-0F2D-49D1-97BC-3654ED321F3B}") = "Serilog.Sinks.RollingFile", "src\Serilog.Sinks.RollingFile\Serilog.Sinks.RollingFile.xproj", "{A3E6E5B4-995F-4C3D-9673-A4B6000F4E21}"
EndProject
Project("{8BB2217D-0F2D-49D1-97BC-3654ED321F3B}") = "Serilog.Sinks.SystemConsole", "src\Serilog.Sinks.SystemConsole\Serilog.Sinks.SystemConsole.xproj", "{50B24ACA-D8F0-4268-A477-871B0A92A04A}"
EndProject
Project("{8BB2217D-0F2D-49D1-97BC-3654ED321F3B}") = "Serilog.Sinks.PeriodicBatching", "src\Serilog.Sinks.PeriodicBatching\Serilog.Sinks.PeriodicBatching.xproj", "{324C2F52-D9F7-4844-9BC4-9906E228D380}"
EndProject
Global
	GlobalSection(SolutionConfigurationPlatforms) = preSolution
		Debug|Any CPU = Debug|Any CPU
		Release|Any CPU = Release|Any CPU
	EndGlobalSection
	GlobalSection(ProjectConfigurationPlatforms) = postSolution
		{803CD13A-D54B-4CEC-A55F-E22AE3D93B3C}.Debug|Any CPU.ActiveCfg = Debug|Any CPU
		{803CD13A-D54B-4CEC-A55F-E22AE3D93B3C}.Debug|Any CPU.Build.0 = Debug|Any CPU
		{803CD13A-D54B-4CEC-A55F-E22AE3D93B3C}.Release|Any CPU.ActiveCfg = Release|Any CPU
		{803CD13A-D54B-4CEC-A55F-E22AE3D93B3C}.Release|Any CPU.Build.0 = Release|Any CPU
		{3C2D8E01-5580-426A-BDD9-EC59CD98E618}.Debug|Any CPU.ActiveCfg = Debug|Any CPU
		{3C2D8E01-5580-426A-BDD9-EC59CD98E618}.Debug|Any CPU.Build.0 = Debug|Any CPU
		{3C2D8E01-5580-426A-BDD9-EC59CD98E618}.Release|Any CPU.ActiveCfg = Release|Any CPU
		{3C2D8E01-5580-426A-BDD9-EC59CD98E618}.Release|Any CPU.Build.0 = Release|Any CPU
		{866A028E-27DB-49A0-AC78-E5FEF247C099}.Debug|Any CPU.ActiveCfg = Debug|Any CPU
		{866A028E-27DB-49A0-AC78-E5FEF247C099}.Debug|Any CPU.Build.0 = Debug|Any CPU
		{866A028E-27DB-49A0-AC78-E5FEF247C099}.Release|Any CPU.ActiveCfg = Release|Any CPU
		{866A028E-27DB-49A0-AC78-E5FEF247C099}.Release|Any CPU.Build.0 = Release|Any CPU
		{8849C92D-2120-4C82-8226-22DF40195237}.Debug|Any CPU.ActiveCfg = Debug|Any CPU
		{8849C92D-2120-4C82-8226-22DF40195237}.Debug|Any CPU.Build.0 = Debug|Any CPU
		{8849C92D-2120-4C82-8226-22DF40195237}.Release|Any CPU.ActiveCfg = Release|Any CPU
		{8849C92D-2120-4C82-8226-22DF40195237}.Release|Any CPU.Build.0 = Release|Any CPU
		{57E0ED0E-0F45-48AB-A73D-6A92B7C32095}.Debug|Any CPU.ActiveCfg = Debug|Any CPU
		{57E0ED0E-0F45-48AB-A73D-6A92B7C32095}.Debug|Any CPU.Build.0 = Debug|Any CPU
		{57E0ED0E-0F45-48AB-A73D-6A92B7C32095}.Release|Any CPU.ActiveCfg = Release|Any CPU
		{57E0ED0E-0F45-48AB-A73D-6A92B7C32095}.Release|Any CPU.Build.0 = Release|Any CPU
		{A3E6E5B4-995F-4C3D-9673-A4B6000F4E21}.Debug|Any CPU.ActiveCfg = Debug|Any CPU
		{A3E6E5B4-995F-4C3D-9673-A4B6000F4E21}.Debug|Any CPU.Build.0 = Debug|Any CPU
		{A3E6E5B4-995F-4C3D-9673-A4B6000F4E21}.Release|Any CPU.ActiveCfg = Release|Any CPU
		{A3E6E5B4-995F-4C3D-9673-A4B6000F4E21}.Release|Any CPU.Build.0 = Release|Any CPU
		{50B24ACA-D8F0-4268-A477-871B0A92A04A}.Debug|Any CPU.ActiveCfg = Debug|Any CPU
		{50B24ACA-D8F0-4268-A477-871B0A92A04A}.Debug|Any CPU.Build.0 = Debug|Any CPU
		{50B24ACA-D8F0-4268-A477-871B0A92A04A}.Release|Any CPU.ActiveCfg = Release|Any CPU
		{50B24ACA-D8F0-4268-A477-871B0A92A04A}.Release|Any CPU.Build.0 = Release|Any CPU
		{324C2F52-D9F7-4844-9BC4-9906E228D380}.Debug|Any CPU.ActiveCfg = Debug|Any CPU
		{324C2F52-D9F7-4844-9BC4-9906E228D380}.Debug|Any CPU.Build.0 = Debug|Any CPU
		{324C2F52-D9F7-4844-9BC4-9906E228D380}.Release|Any CPU.ActiveCfg = Release|Any CPU
		{324C2F52-D9F7-4844-9BC4-9906E228D380}.Release|Any CPU.Build.0 = Release|Any CPU
	EndGlobalSection
	GlobalSection(SolutionProperties) = preSolution
		HideSolutionNode = FALSE
	EndGlobalSection
	GlobalSection(NestedProjects) = preSolution
		{803CD13A-D54B-4CEC-A55F-E22AE3D93B3C} = {037440DE-440B-4129-9F7A-09B42D00397E}
		{3C2D8E01-5580-426A-BDD9-EC59CD98E618} = {0D135C0C-A60B-454A-A2F4-CD74A30E04B0}
		{866A028E-27DB-49A0-AC78-E5FEF247C099} = {9EC69873-5A97-4C25-AB5A-31DDE589B2D9}
		{9EC69873-5A97-4C25-AB5A-31DDE589B2D9} = {037440DE-440B-4129-9F7A-09B42D00397E}
		{8849C92D-2120-4C82-8226-22DF40195237} = {9EC69873-5A97-4C25-AB5A-31DDE589B2D9}
		{57E0ED0E-0F45-48AB-A73D-6A92B7C32095} = {9EC69873-5A97-4C25-AB5A-31DDE589B2D9}
		{A3E6E5B4-995F-4C3D-9673-A4B6000F4E21} = {9EC69873-5A97-4C25-AB5A-31DDE589B2D9}
		{50B24ACA-D8F0-4268-A477-871B0A92A04A} = {9EC69873-5A97-4C25-AB5A-31DDE589B2D9}
		{324C2F52-D9F7-4844-9BC4-9906E228D380} = {9EC69873-5A97-4C25-AB5A-31DDE589B2D9}
	EndGlobalSection
EndGlobal
